
Microsoft Visual Studio Solution File, Format Version 12.00
# Visual Studio Version 16
VisualStudioVersion = 16.0.31321.278
MinimumVisualStudioVersion = 10.0.40219.1
Project("{9A19103F-16F7-4668-BE54-9A1E7A4F7556}") = "StrignComporation", "StrignComporation\StrignComporation.csproj", "{83C7BE34-F0D6-45B5-91A8-184945E4170D}"
EndProject
Project("{9A19103F-16F7-4668-BE54-9A1E7A4F7556}") = "CheckFIO", "CheckFIO\CheckFIO.csproj", "{92694AF8-4505-4B22-9EF6-BF555ABCBB78}"
EndProject
Project("{9A19103F-16F7-4668-BE54-9A1E7A4F7556}") = "StrignComporationTest", "StrignComporationTest\StrignComporationTest.csproj", "{0D0F3D46-427D-438A-9BDD-C1225B2F899F}"
EndProject
Project("{FAE04EC0-301F-11D3-BF4B-00C04F79EFBC}") = "Elastic", "Elastic\Elastic.csproj", "{9FAE74AB-CE7F-4E53-BD15-DA07E8A088FD}"
EndProject
Global
	GlobalSection(SolutionConfigurationPlatforms) = preSolution
		Debug|Any CPU = Debug|Any CPU
		Release|Any CPU = Release|Any CPU
	EndGlobalSection
	GlobalSection(ProjectConfigurationPlatforms) = postSolution
		{83C7BE34-F0D6-45B5-91A8-184945E4170D}.Debug|Any CPU.ActiveCfg = Debug|Any CPU
		{83C7BE34-F0D6-45B5-91A8-184945E4170D}.Debug|Any CPU.Build.0 = Debug|Any CPU
		{83C7BE34-F0D6-45B5-91A8-184945E4170D}.Release|Any CPU.ActiveCfg = Release|Any CPU
		{83C7BE34-F0D6-45B5-91A8-184945E4170D}.Release|Any CPU.Build.0 = Release|Any CPU
		{92694AF8-4505-4B22-9EF6-BF555ABCBB78}.Debug|Any CPU.ActiveCfg = Debug|Any CPU
		{92694AF8-4505-4B22-9EF6-BF555ABCBB78}.Debug|Any CPU.Build.0 = Debug|Any CPU
		{92694AF8-4505-4B22-9EF6-BF555ABCBB78}.Release|Any CPU.ActiveCfg = Release|Any CPU
		{92694AF8-4505-4B22-9EF6-BF555ABCBB78}.Release|Any CPU.Build.0 = Release|Any CPU
		{0D0F3D46-427D-438A-9BDD-C1225B2F899F}.Debug|Any CPU.ActiveCfg = Debug|Any CPU
		{0D0F3D46-427D-438A-9BDD-C1225B2F899F}.Debug|Any CPU.Build.0 = Debug|Any CPU
		{0D0F3D46-427D-438A-9BDD-C1225B2F899F}.Release|Any CPU.ActiveCfg = Release|Any CPU
		{0D0F3D46-427D-438A-9BDD-C1225B2F899F}.Release|Any CPU.Build.0 = Release|Any CPU
		{9FAE74AB-CE7F-4E53-BD15-DA07E8A088FD}.Debug|Any CPU.ActiveCfg = Debug|Any CPU
		{9FAE74AB-CE7F-4E53-BD15-DA07E8A088FD}.Debug|Any CPU.Build.0 = Debug|Any CPU
		{9FAE74AB-CE7F-4E53-BD15-DA07E8A088FD}.Release|Any CPU.ActiveCfg = Release|Any CPU
		{9FAE74AB-CE7F-4E53-BD15-DA07E8A088FD}.Release|Any CPU.Build.0 = Release|Any CPU
	EndGlobalSection
	GlobalSection(SolutionProperties) = preSolution
		HideSolutionNode = FALSE
	EndGlobalSection
	GlobalSection(ExtensibilityGlobals) = postSolution
		SolutionGuid = {8A669A75-FB9A-4C98-81AD-5156F879E448}
	EndGlobalSection
EndGlobal
